
Microsoft Visual Studio Solution File, Format Version 12.00
# Visual Studio Version 17
VisualStudioVersion = 17.2.32616.157
MinimumVisualStudioVersion = 10.0.40219.1
Project("{9A19103F-16F7-4668-BE54-9A1E7A4F7556}") = "Int5.DnD3D.EFCFUVIDND.DbSetup", "Int5.DnD3D.EFCFUVIDND\Int5.DnD3D.EFCFUVIDND.DbSetup.csproj", "{4D90778C-FC5D-46DD-ABBE-216CC6086010}"
EndProject
Project("{9A19103F-16F7-4668-BE54-9A1E7A4F7556}") = "Int5.DnD3D.EFCUVIDND.Entity", "Int5.DnD3D.EFCUVIDND.Entity\Int5.DnD3D.EFCUVIDND.Entity.csproj", "{10AEC3FA-9062-404B-9A3D-CF3807D7F1C2}"
EndProject
Project("{9A19103F-16F7-4668-BE54-9A1E7A4F7556}") = "Int5.DnD3D.EFCUVIDND.MySql", "Int5.DnD.EFCUVIDND.MySql\Int5.DnD3D.EFCUVIDND.MySql.csproj", "{F72F22C4-0984-4EC6-A5BE-37451F4A1F23}"
EndProject
Global
	GlobalSection(SolutionConfigurationPlatforms) = preSolution
		Debug|Any CPU = Debug|Any CPU
		Release|Any CPU = Release|Any CPU
	EndGlobalSection
	GlobalSection(ProjectConfigurationPlatforms) = postSolution
		{4D90778C-FC5D-46DD-ABBE-216CC6086010}.Debug|Any CPU.ActiveCfg = Debug|Any CPU
		{4D90778C-FC5D-46DD-ABBE-216CC6086010}.Debug|Any CPU.Build.0 = Debug|Any CPU
		{4D90778C-FC5D-46DD-ABBE-216CC6086010}.Release|Any CPU.ActiveCfg = Release|Any CPU
		{4D90778C-FC5D-46DD-ABBE-216CC6086010}.Release|Any CPU.Build.0 = Release|Any CPU
		{10AEC3FA-9062-404B-9A3D-CF3807D7F1C2}.Debug|Any CPU.ActiveCfg = Debug|Any CPU
		{10AEC3FA-9062-404B-9A3D-CF3807D7F1C2}.Debug|Any CPU.Build.0 = Debug|Any CPU
		{10AEC3FA-9062-404B-9A3D-CF3807D7F1C2}.Release|Any CPU.ActiveCfg = Release|Any CPU
		{10AEC3FA-9062-404B-9A3D-CF3807D7F1C2}.Release|Any CPU.Build.0 = Release|Any CPU
		{F72F22C4-0984-4EC6-A5BE-37451F4A1F23}.Debug|Any CPU.ActiveCfg = Debug|Any CPU
		{F72F22C4-0984-4EC6-A5BE-37451F4A1F23}.Debug|Any CPU.Build.0 = Debug|Any CPU
		{F72F22C4-0984-4EC6-A5BE-37451F4A1F23}.Release|Any CPU.ActiveCfg = Release|Any CPU
		{F72F22C4-0984-4EC6-A5BE-37451F4A1F23}.Release|Any CPU.Build.0 = Release|Any CPU
	EndGlobalSection
	GlobalSection(SolutionProperties) = preSolution
		HideSolutionNode = FALSE
	EndGlobalSection
	GlobalSection(ExtensibilityGlobals) = postSolution
		SolutionGuid = {B6DABC09-A337-4834-BCA5-47B489BD4D6F}
	EndGlobalSection
EndGlobal
