
Microsoft Visual Studio Solution File, Format Version 12.00
# Visual Studio Version 17
VisualStudioVersion = 17.2.32616.157
MinimumVisualStudioVersion = 10.0.40219.1
Project("{FAE04EC0-301F-11D3-BF4B-00C04F79EFBC}") = "CCKG.DnDMM3D.Rest", "CCKG.DnDMM3D.Rest\CCKG.DnDMM3D.Rest.csproj", "{1A881E16-4708-4ED0-AED6-203B748F79D1}"
EndProject
Global
	GlobalSection(SolutionConfigurationPlatforms) = preSolution
		Debug|Any CPU = Debug|Any CPU
		Release|Any CPU = Release|Any CPU
	EndGlobalSection
	GlobalSection(ProjectConfigurationPlatforms) = postSolution
		{1A881E16-4708-4ED0-AED6-203B748F79D1}.Debug|Any CPU.ActiveCfg = Debug|Any CPU
		{1A881E16-4708-4ED0-AED6-203B748F79D1}.Debug|Any CPU.Build.0 = Debug|Any CPU
		{1A881E16-4708-4ED0-AED6-203B748F79D1}.Release|Any CPU.ActiveCfg = Release|Any CPU
		{1A881E16-4708-4ED0-AED6-203B748F79D1}.Release|Any CPU.Build.0 = Release|Any CPU
	EndGlobalSection
	GlobalSection(SolutionProperties) = preSolution
		HideSolutionNode = FALSE
	EndGlobalSection
	GlobalSection(ExtensibilityGlobals) = postSolution
		SolutionGuid = {255AE20C-7CCD-48CB-96E0-5AD084AFF601}
	EndGlobalSection
EndGlobal
